
Microsoft Visual Studio Solution File, Format Version 11.00
# Visual Studio 2010
Project("{8BC9CEB8-8B4A-11D0-8D11-00A0C91BC942}") = "DoAn", "DoAn.vcxproj", "{44D76339-82BA-4BF2-ADF1-02444E948729}"
EndProject
Project("{8BC9CEB8-8B4A-11D0-8D11-00A0C91BC942}") = "BeUt", "BeUt\BeUt.vcxproj", "{2BFC64B3-105E-4FC4-9224-0C4FDCF1C8AD}"
EndProject
Project("{8BC9CEB8-8B4A-11D0-8D11-00A0C91BC942}") = "Thuong", "Thuong\Thuong.vcxproj", "{18AD38B5-ABAE-4081-9E40-9E48162D95DA}"
EndProject
Project("{8BC9CEB8-8B4A-11D0-8D11-00A0C91BC942}") = "HThuan", "HThuan\HThuan.vcxproj", "{4FF0CA2D-4710-4DBB-8FD1-60973A8B166E}"
EndProject
Project("{8BC9CEB8-8B4A-11D0-8D11-00A0C91BC942}") = "TThuan", "TThuan\TThuan.vcxproj", "{9D63637C-E329-4122-9CF0-330F3A3819DB}"
EndProject
Project("{8BC9CEB8-8B4A-11D0-8D11-00A0C91BC942}") = "Thanh", "Thanh\Thanh.vcxproj", "{710E0BD8-D38F-4E23-9FD8-506F40DED849}"
EndProject
Global
	GlobalSection(SolutionConfigurationPlatforms) = preSolution
		Debug|Win32 = Debug|Win32
		Release|Win32 = Release|Win32
	EndGlobalSection
	GlobalSection(ProjectConfigurationPlatforms) = postSolution
		{44D76339-82BA-4BF2-ADF1-02444E948729}.Debug|Win32.ActiveCfg = Debug|Win32
		{44D76339-82BA-4BF2-ADF1-02444E948729}.Debug|Win32.Build.0 = Debug|Win32
		{44D76339-82BA-4BF2-ADF1-02444E948729}.Release|Win32.ActiveCfg = Release|Win32
		{44D76339-82BA-4BF2-ADF1-02444E948729}.Release|Win32.Build.0 = Release|Win32
		{2BFC64B3-105E-4FC4-9224-0C4FDCF1C8AD}.Debug|Win32.ActiveCfg = Debug|Win32
		{2BFC64B3-105E-4FC4-9224-0C4FDCF1C8AD}.Debug|Win32.Build.0 = Debug|Win32
		{2BFC64B3-105E-4FC4-9224-0C4FDCF1C8AD}.Release|Win32.ActiveCfg = Release|Win32
		{2BFC64B3-105E-4FC4-9224-0C4FDCF1C8AD}.Release|Win32.Build.0 = Release|Win32
		{18AD38B5-ABAE-4081-9E40-9E48162D95DA}.Debug|Win32.ActiveCfg = Debug|Win32
		{18AD38B5-ABAE-4081-9E40-9E48162D95DA}.Debug|Win32.Build.0 = Debug|Win32
		{18AD38B5-ABAE-4081-9E40-9E48162D95DA}.Release|Win32.ActiveCfg = Release|Win32
		{18AD38B5-ABAE-4081-9E40-9E48162D95DA}.Release|Win32.Build.0 = Release|Win32
		{4FF0CA2D-4710-4DBB-8FD1-60973A8B166E}.Debug|Win32.ActiveCfg = Debug|Win32
		{4FF0CA2D-4710-4DBB-8FD1-60973A8B166E}.Debug|Win32.Build.0 = Debug|Win32
		{4FF0CA2D-4710-4DBB-8FD1-60973A8B166E}.Release|Win32.ActiveCfg = Release|Win32
		{4FF0CA2D-4710-4DBB-8FD1-60973A8B166E}.Release|Win32.Build.0 = Release|Win32
		{9D63637C-E329-4122-9CF0-330F3A3819DB}.Debug|Win32.ActiveCfg = Debug|Win32
		{9D63637C-E329-4122-9CF0-330F3A3819DB}.Debug|Win32.Build.0 = Debug|Win32
		{9D63637C-E329-4122-9CF0-330F3A3819DB}.Release|Win32.ActiveCfg = Release|Win32
		{9D63637C-E329-4122-9CF0-330F3A3819DB}.Release|Win32.Build.0 = Release|Win32
		{710E0BD8-D38F-4E23-9FD8-506F40DED849}.Debug|Win32.ActiveCfg = Debug|Win32
		{710E0BD8-D38F-4E23-9FD8-506F40DED849}.Debug|Win32.Build.0 = Debug|Win32
		{710E0BD8-D38F-4E23-9FD8-506F40DED849}.Release|Win32.ActiveCfg = Release|Win32
		{710E0BD8-D38F-4E23-9FD8-506F40DED849}.Release|Win32.Build.0 = Release|Win32
	EndGlobalSection
	GlobalSection(SolutionProperties) = preSolution
		HideSolutionNode = FALSE
	EndGlobalSection
EndGlobal
